
Microsoft Visual Studio Solution File, Format Version 12.00
# Visual Studio 15
VisualStudioVersion = 15.0.26403.7
MinimumVisualStudioVersion = 10.0.40219.1
Project("{FAE04EC0-301F-11D3-BF4B-00C04F79EFBC}") = "Innofactor.Xrm.Bson.Tests", "Innofactor.Xrm.Bson.Tests\Innofactor.Xrm.Bson.Tests.csproj", "{918AAC8B-982A-45EB-BFF7-B47600D8C450}"
EndProject
Project("{FAE04EC0-301F-11D3-BF4B-00C04F79EFBC}") = "Innofactor.Xrm.Bson", "Innofactor.Xrm.Bson\Innofactor.Xrm.Bson.csproj", "{1A4DA577-DCBC-45E9-9524-7EEE72283082}"
EndProject
Global
	GlobalSection(SolutionConfigurationPlatforms) = preSolution
		Debug|Any CPU = Debug|Any CPU
		Release|Any CPU = Release|Any CPU
	EndGlobalSection
	GlobalSection(ProjectConfigurationPlatforms) = postSolution
		{918AAC8B-982A-45EB-BFF7-B47600D8C450}.Debug|Any CPU.ActiveCfg = Debug|Any CPU
		{918AAC8B-982A-45EB-BFF7-B47600D8C450}.Debug|Any CPU.Build.0 = Debug|Any CPU
		{918AAC8B-982A-45EB-BFF7-B47600D8C450}.Release|Any CPU.ActiveCfg = Release|Any CPU
		{918AAC8B-982A-45EB-BFF7-B47600D8C450}.Release|Any CPU.Build.0 = Release|Any CPU
		{1A4DA577-DCBC-45E9-9524-7EEE72283082}.Debug|Any CPU.ActiveCfg = Debug|Any CPU
		{1A4DA577-DCBC-45E9-9524-7EEE72283082}.Debug|Any CPU.Build.0 = Debug|Any CPU
		{1A4DA577-DCBC-45E9-9524-7EEE72283082}.Release|Any CPU.ActiveCfg = Release|Any CPU
		{1A4DA577-DCBC-45E9-9524-7EEE72283082}.Release|Any CPU.Build.0 = Release|Any CPU
	EndGlobalSection
	GlobalSection(SolutionProperties) = preSolution
		HideSolutionNode = FALSE
	EndGlobalSection
EndGlobal
